
Microsoft Visual Studio Solution File, Format Version 12.00
# Visual Studio 15
VisualStudioVersion = 15.0.28307.902
MinimumVisualStudioVersion = 10.0.40219.1
Project("{E24C65DC-7377-472B-9ABA-BC803B73C61A}") = "WF_ext", "WF_ext\", "{FAC209F8-02D1-4A60-8395-CB4A2CF04229}"
	ProjectSection(WebsiteProperties) = preProject
		TargetFrameworkMoniker = ".NETFramework,Version%3Dv4.6.1"
		Debug.AspNetCompiler.VirtualPath = "/localhost_58186"
		Debug.AspNetCompiler.PhysicalPath = "WF_ext\"
		Debug.AspNetCompiler.TargetPath = "PrecompiledWeb\localhost_58186\"
		Debug.AspNetCompiler.Updateable = "true"
		Debug.AspNetCompiler.ForceOverwrite = "true"
		Debug.AspNetCompiler.FixedNames = "false"
		Debug.AspNetCompiler.Debug = "True"
		Release.AspNetCompiler.VirtualPath = "/localhost_58186"
		Release.AspNetCompiler.PhysicalPath = "WF_ext\"
		Release.AspNetCompiler.TargetPath = "PrecompiledWeb\localhost_58186\"
		Release.AspNetCompiler.Updateable = "true"
		Release.AspNetCompiler.ForceOverwrite = "true"
		Release.AspNetCompiler.FixedNames = "false"
		Release.AspNetCompiler.Debug = "False"
		VWDPort = "58186"
		SlnRelativePath = "WF_ext\"
		DefaultWebSiteLanguage = "Visual C#"
	EndProjectSection
EndProject
Global
	GlobalSection(SolutionConfigurationPlatforms) = preSolution
		Debug|Any CPU = Debug|Any CPU
		Release|Any CPU = Release|Any CPU
	EndGlobalSection
	GlobalSection(ProjectConfigurationPlatforms) = postSolution
		{FAC209F8-02D1-4A60-8395-CB4A2CF04229}.Debug|Any CPU.ActiveCfg = Debug|Any CPU
		{FAC209F8-02D1-4A60-8395-CB4A2CF04229}.Debug|Any CPU.Build.0 = Debug|Any CPU
		{FAC209F8-02D1-4A60-8395-CB4A2CF04229}.Release|Any CPU.ActiveCfg = Debug|Any CPU
		{FAC209F8-02D1-4A60-8395-CB4A2CF04229}.Release|Any CPU.Build.0 = Debug|Any CPU
	EndGlobalSection
	GlobalSection(SolutionProperties) = preSolution
		HideSolutionNode = FALSE
	EndGlobalSection
	GlobalSection(ExtensibilityGlobals) = postSolution
		SolutionGuid = {24A75DAB-2445-4A67-8FC8-A6DFF56D2CF6}
	EndGlobalSection
EndGlobal
